// !$*UTF8*$!
{
	archiveVersion = 1;
	classes = {
	};
	objectVersion = 46;
	objects = {

/* Begin PBXBuildFile section */
		1E49E0681D12778600D2FE43 /* main.m in Sources */ = {isa = PBXBuildFile; fileRef = 1E49E0671D12778600D2FE43 /* main.m */; };
		1E49E06B1D12778600D2FE43 /* AppDelegate.m in Sources */ = {isa = PBXBuildFile; fileRef = 1E49E06A1D12778600D2FE43 /* AppDelegate.m */; };
		1E49E06E1D12778600D2FE43 /* ViewController.m in Sources */ = {isa = PBXBuildFile; fileRef = 1E49E06D1D12778600D2FE43 /* ViewController.m */; };
		1E49E0711D12778600D2FE43 /* Main.storyboard in Resources */ = {isa = PBXBuildFile; fileRef = 1E49E06F1D12778600D2FE43 /* Main.storyboard */; };
		1E49E0731D12778600D2FE43 /* Assets.xcassets in Resources */ = {isa = PBXBuildFile; fileRef = 1E49E0721D12778600D2FE43 /* Assets.xcassets */; };
		1E49E0761D12778600D2FE43 /* LaunchScreen.storyboard in Resources */ = {isa = PBXBuildFile; fileRef = 1E49E0741D12778600D2FE43 /* LaunchScreen.storyboard */; };
		1E49E08C1D12778600D2FE43 /* SimpleShareExtensionDemoUITests.m in Sources */ = {isa = PBXBuildFile; fileRef = 1E49E08B1D12778600D2FE43 /* SimpleShareExtensionDemoUITests.m */; };
		1E49E0B51D127A8700D2FE43 /* ShareViewController.m in Sources */ = {isa = PBXBuildFile; fileRef = 1E49E0B41D127A8700D2FE43 /* ShareViewController.m */; };
		1E49E0B81D127A8700D2FE43 /* MainInterface.storyboard in Resources */ = {isa = PBXBuildFile; fileRef = 1E49E0B61D127A8700D2FE43 /* MainInterface.storyboard */; };
		1E49E0BC1D127A8700D2FE43 /* ShareExtensionSample.appex in Embed App Extensions */ = {isa = PBXBuildFile; fileRef = 1E49E0B11D127A8700D2FE43 /* ShareExtensionSample.appex */; settings = {ATTRIBUTES = (RemoveHeadersOnCopy, ); }; };
		1E49E0C21D127BA200D2FE43 /* ItemViewController.m in Sources */ = {isa = PBXBuildFile; fileRef = 1E49E0C11D127BA200D2FE43 /* ItemViewController.m */; };
		B8D95C7587C5EA9E963401F6 /* libPods-SimpleShareExtensionDemo.a in Frameworks */ = {isa = PBXBuildFile; fileRef = 32A4FDA6FD36099B2DB05A2A /* libPods-SimpleShareExtensionDemo.a */; };
/* End PBXBuildFile section */

/* Begin PBXContainerItemProxy section */
		1E49E0881D12778600D2FE43 /* PBXContainerItemProxy */ = {
			isa = PBXContainerItemProxy;
			containerPortal = 1E49E05B1D12778600D2FE43 /* Project object */;
			proxyType = 1;
			remoteGlobalIDString = 1E49E0621D12778600D2FE43;
			remoteInfo = SimpleShareExtensionDemo;
		};
		1E49E0BA1D127A8700D2FE43 /* PBXContainerItemProxy */ = {
			isa = PBXContainerItemProxy;
			containerPortal = 1E49E05B1D12778600D2FE43 /* Project object */;
			proxyType = 1;
			remoteGlobalIDString = 1E49E0B01D127A8700D2FE43;
			remoteInfo = ShareExtensionSample;
		};
/* End PBXContainerItemProxy section */

/* Begin PBXCopyFilesBuildPhase section */
		1E49E0AC1D1279D000D2FE43 /* Embed App Extensions */ = {
			isa = PBXCopyFilesBuildPhase;
			buildActionMask = 2147483647;
			dstPath = "";
			dstSubfolderSpec = 13;
			files = (
				1E49E0BC1D127A8700D2FE43 /* ShareExtensionSample.appex in Embed App Extensions */,
			);
			name = "Embed App Extensions";
			runOnlyForDeploymentPostprocessing = 0;
		};
/* End PBXCopyFilesBuildPhase section */

/* Begin PBXFileReference section */
		1A002FED230E90D0D2B2F66A /* Pods-SimpleShareExtensionDemo.release.xcconfig */ = {isa = PBXFileReference; includeInIndex = 1; lastKnownFileType = text.xcconfig; name = "Pods-SimpleShareExtensionDemo.release.xcconfig"; path = "Pods/Target Support Files/Pods-SimpleShareExtensionDemo/Pods-SimpleShareExtensionDemo.release.xcconfig"; sourceTree = "<group>"; };
		1E49E0631D12778600D2FE43 /* SimpleShareExtensionDemo.app */ = {isa = PBXFileReference; explicitFileType = wrapper.application; includeInIndex = 0; path = SimpleShareExtensionDemo.app; sourceTree = BUILT_PRODUCTS_DIR; };
		1E49E0671D12778600D2FE43 /* main.m */ = {isa = PBXFileReference; lastKnownFileType = sourcecode.c.objc; path = main.m; sourceTree = "<group>"; };
		1E49E0691D12778600D2FE43 /* AppDelegate.h */ = {isa = PBXFileReference; lastKnownFileType = sourcecode.c.h; path = AppDelegate.h; sourceTree = "<group>"; };
		1E49E06A1D12778600D2FE43 /* AppDelegate.m */ = {isa = PBXFileReference; lastKnownFileType = sourcecode.c.objc; path = AppDelegate.m; sourceTree = "<group>"; };
		1E49E06C1D12778600D2FE43 /* ViewController.h */ = {isa = PBXFileReference; lastKnownFileType = sourcecode.c.h; path = ViewController.h; sourceTree = "<group>"; };
		1E49E06D1D12778600D2FE43 /* ViewController.m */ = {isa = PBXFileReference; lastKnownFileType = sourcecode.c.objc; path = ViewController.m; sourceTree = "<group>"; };
		1E49E0701D12778600D2FE43 /* Base */ = {isa = PBXFileReference; lastKnownFileType = file.storyboard; name = Base; path = Base.lproj/Main.storyboard; sourceTree = "<group>"; };
		1E49E0721D12778600D2FE43 /* Assets.xcassets */ = {isa = PBXFileReference; lastKnownFileType = folder.assetcatalog; path = Assets.xcassets; sourceTree = "<group>"; };
		1E49E0751D12778600D2FE43 /* Base */ = {isa = PBXFileReference; lastKnownFileType = file.storyboard; name = Base; path = Base.lproj/LaunchScreen.storyboard; sourceTree = "<group>"; };
		1E49E0771D12778600D2FE43 /* Info.plist */ = {isa = PBXFileReference; lastKnownFileType = text.plist.xml; path = Info.plist; sourceTree = "<group>"; };
		1E49E0801D12778600D2FE43 /* SimpleShareExtensionDemoTests.m */ = {isa = PBXFileReference; lastKnownFileType = sourcecode.c.objc; path = SimpleShareExtensionDemoTests.m; sourceTree = "<group>"; };
		1E49E0821D12778600D2FE43 /* Info.plist */ = {isa = PBXFileReference; lastKnownFileType = text.plist.xml; path = Info.plist; sourceTree = "<group>"; };
		1E49E0871D12778600D2FE43 /* SimpleShareExtensionDemoUITests.xctest */ = {isa = PBXFileReference; explicitFileType = wrapper.cfbundle; includeInIndex = 0; path = SimpleShareExtensionDemoUITests.xctest; sourceTree = BUILT_PRODUCTS_DIR; };
		1E49E08B1D12778600D2FE43 /* SimpleShareExtensionDemoUITests.m */ = {isa = PBXFileReference; lastKnownFileType = sourcecode.c.objc; path = SimpleShareExtensionDemoUITests.m; sourceTree = "<group>"; };
		1E49E08D1D12778600D2FE43 /* Info.plist */ = {isa = PBXFileReference; lastKnownFileType = text.plist.xml; path = Info.plist; sourceTree = "<group>"; };
		1E49E0B11D127A8700D2FE43 /* ShareExtensionSample.appex */ = {isa = PBXFileReference; explicitFileType = "wrapper.app-extension"; includeInIndex = 0; path = ShareExtensionSample.appex; sourceTree = BUILT_PRODUCTS_DIR; };
		1E49E0B31D127A8700D2FE43 /* ShareViewController.h */ = {isa = PBXFileReference; lastKnownFileType = sourcecode.c.h; path = ShareViewController.h; sourceTree = "<group>"; };
		1E49E0B41D127A8700D2FE43 /* ShareViewController.m */ = {isa = PBXFileReference; lastKnownFileType = sourcecode.c.objc; path = ShareViewController.m; sourceTree = "<group>"; };
		1E49E0B71D127A8700D2FE43 /* Base */ = {isa = PBXFileReference; lastKnownFileType = file.storyboard; name = Base; path = Base.lproj/MainInterface.storyboard; sourceTree = "<group>"; };
		1E49E0B91D127A8700D2FE43 /* Info.plist */ = {isa = PBXFileReference; lastKnownFileType = text.plist.xml; path = Info.plist; sourceTree = "<group>"; };
		1E49E0C01D127BA200D2FE43 /* ItemViewController.h */ = {isa = PBXFileReference; fileEncoding = 4; lastKnownFileType = sourcecode.c.h; path = ItemViewController.h; sourceTree = "<group>"; };
		1E49E0C11D127BA200D2FE43 /* ItemViewController.m */ = {isa = PBXFileReference; fileEncoding = 4; lastKnownFileType = sourcecode.c.objc; path = ItemViewController.m; sourceTree = "<group>"; };
		1E49E0C31D12858400D2FE43 /* SimpleShareExtensionDemo.entitlements */ = {isa = PBXFileReference; lastKnownFileType = text.xml; path = SimpleShareExtensionDemo.entitlements; sourceTree = "<group>"; };
		1E49E0C41D128D0500D2FE43 /* ShareExtensionSample.entitlements */ = {isa = PBXFileReference; lastKnownFileType = text.xml; path = ShareExtensionSample.entitlements; sourceTree = "<group>"; };
		32A4FDA6FD36099B2DB05A2A /* libPods-SimpleShareExtensionDemo.a */ = {isa = PBXFileReference; explicitFileType = archive.ar; includeInIndex = 0; path = "libPods-SimpleShareExtensionDemo.a"; sourceTree = BUILT_PRODUCTS_DIR; };
		E4C21AE5DB8C5AC00683B117 /* Pods-SimpleShareExtensionDemo.debug.xcconfig */ = {isa = PBXFileReference; includeInIndex = 1; lastKnownFileType = text.xcconfig; name = "Pods-SimpleShareExtensionDemo.debug.xcconfig"; path = "Pods/Target Support Files/Pods-SimpleShareExtensionDemo/Pods-SimpleShareExtensionDemo.debug.xcconfig"; sourceTree = "<group>"; };
/* End PBXFileReference section */

/* Begin PBXFrameworksBuildPhase section */
		1E49E0601D12778600D2FE43 /* Frameworks */ = {
			isa = PBXFrameworksBuildPhase;
			buildActionMask = 2147483647;
			files = (
				B8D95C7587C5EA9E963401F6 /* libPods-SimpleShareExtensionDemo.a in Frameworks */,
			);
			runOnlyForDeploymentPostprocessing = 0;
		};
		1E49E0841D12778600D2FE43 /* Frameworks */ = {
			isa = PBXFrameworksBuildPhase;
			buildActionMask = 2147483647;
			files = (
			);
			runOnlyForDeploymentPostprocessing = 0;
		};
		1E49E0AE1D127A8700D2FE43 /* Frameworks */ = {
			isa = PBXFrameworksBuildPhase;
			buildActionMask = 2147483647;
			files = (
			);
			runOnlyForDeploymentPostprocessing = 0;
		};
/* End PBXFrameworksBuildPhase section */

/* Begin PBXGroup section */
		1E49E05A1D12778600D2FE43 = {
			isa = PBXGroup;
			children = (
				1E49E0651D12778600D2FE43 /* SimpleShareExtensionDemo */,
				1E49E07F1D12778600D2FE43 /* SimpleShareExtensionDemoTests */,
				1E49E08A1D12778600D2FE43 /* SimpleShareExtensionDemoUITests */,
				1E49E0B21D127A8700D2FE43 /* ShareExtensionSample */,
				1E49E0641D12778600D2FE43 /* Products */,
				80688448971A4C0F5076BF11 /* Pods */,
				318BB94A3582816AF43787C8 /* Frameworks */,
			);
			sourceTree = "<group>";
		};
		1E49E0641D12778600D2FE43 /* Products */ = {
			isa = PBXGroup;
			children = (
				1E49E0631D12778600D2FE43 /* SimpleShareExtensionDemo.app */,
				1E49E0871D12778600D2FE43 /* SimpleShareExtensionDemoUITests.xctest */,
				1E49E0B11D127A8700D2FE43 /* ShareExtensionSample.appex */,
			);
			name = Products;
			sourceTree = "<group>";
		};
		1E49E0651D12778600D2FE43 /* SimpleShareExtensionDemo */ = {
			isa = PBXGroup;
			children = (
				1E49E0C31D12858400D2FE43 /* SimpleShareExtensionDemo.entitlements */,
				1E49E0691D12778600D2FE43 /* AppDelegate.h */,
				1E49E06A1D12778600D2FE43 /* AppDelegate.m */,
				1E49E06C1D12778600D2FE43 /* ViewController.h */,
				1E49E06D1D12778600D2FE43 /* ViewController.m */,
				1E49E06F1D12778600D2FE43 /* Main.storyboard */,
				1E49E0721D12778600D2FE43 /* Assets.xcassets */,
				1E49E0741D12778600D2FE43 /* LaunchScreen.storyboard */,
				1E49E0771D12778600D2FE43 /* Info.plist */,
				1E49E0661D12778600D2FE43 /* Supporting Files */,
			);
			path = SimpleShareExtensionDemo;
			sourceTree = "<group>";
		};
		1E49E0661D12778600D2FE43 /* Supporting Files */ = {
			isa = PBXGroup;
			children = (
				1E49E0671D12778600D2FE43 /* main.m */,
			);
			name = "Supporting Files";
			sourceTree = "<group>";
		};
		1E49E07F1D12778600D2FE43 /* SimpleShareExtensionDemoTests */ = {
			isa = PBXGroup;
			children = (
				1E49E0801D12778600D2FE43 /* SimpleShareExtensionDemoTests.m */,
				1E49E0821D12778600D2FE43 /* Info.plist */,
			);
			path = SimpleShareExtensionDemoTests;
			sourceTree = "<group>";
		};
		1E49E08A1D12778600D2FE43 /* SimpleShareExtensionDemoUITests */ = {
			isa = PBXGroup;
			children = (
				1E49E08B1D12778600D2FE43 /* SimpleShareExtensionDemoUITests.m */,
				1E49E08D1D12778600D2FE43 /* Info.plist */,
			);
			path = SimpleShareExtensionDemoUITests;
			sourceTree = "<group>";
		};
		1E49E0B21D127A8700D2FE43 /* ShareExtensionSample */ = {
			isa = PBXGroup;
			children = (
				1E49E0C41D128D0500D2FE43 /* ShareExtensionSample.entitlements */,
				1E49E0B31D127A8700D2FE43 /* ShareViewController.h */,
				1E49E0B41D127A8700D2FE43 /* ShareViewController.m */,
				1E49E0B61D127A8700D2FE43 /* MainInterface.storyboard */,
				1E49E0B91D127A8700D2FE43 /* Info.plist */,
				1E49E0C01D127BA200D2FE43 /* ItemViewController.h */,
				1E49E0C11D127BA200D2FE43 /* ItemViewController.m */,
			);
			path = ShareExtensionSample;
			sourceTree = "<group>";
		};
		318BB94A3582816AF43787C8 /* Frameworks */ = {
			isa = PBXGroup;
			children = (
				32A4FDA6FD36099B2DB05A2A /* libPods-SimpleShareExtensionDemo.a */,
			);
			name = Frameworks;
			sourceTree = "<group>";
		};
		80688448971A4C0F5076BF11 /* Pods */ = {
			isa = PBXGroup;
			children = (
				E4C21AE5DB8C5AC00683B117 /* Pods-SimpleShareExtensionDemo.debug.xcconfig */,
				1A002FED230E90D0D2B2F66A /* Pods-SimpleShareExtensionDemo.release.xcconfig */,
			);
			name = Pods;
			sourceTree = "<group>";
		};
/* End PBXGroup section */

/* Begin PBXNativeTarget section */
		1E49E0621D12778600D2FE43 /* SimpleShareExtensionDemo */ = {
			isa = PBXNativeTarget;
			buildConfigurationList = 1E49E0901D12778600D2FE43 /* Build configuration list for PBXNativeTarget "SimpleShareExtensionDemo" */;
			buildPhases = (
				6D73F879238C89DFF7D6A2EB /* 📦 Check Pods Manifest.lock */,
				1E49E05F1D12778600D2FE43 /* Sources */,
				1E49E0601D12778600D2FE43 /* Frameworks */,
				1E49E0611D12778600D2FE43 /* Resources */,
				1E49E0AC1D1279D000D2FE43 /* Embed App Extensions */,
				82C753EA8C46FAF880D2632F /* 📦 Embed Pods Frameworks */,
				2B54FE0F468833EE63442C99 /* 📦 Copy Pods Resources */,
			);
			buildRules = (
			);
			dependencies = (
				1E49E0BB1D127A8700D2FE43 /* PBXTargetDependency */,
			);
			name = SimpleShareExtensionDemo;
			productName = SimpleShareExtensionDemo;
			productReference = 1E49E0631D12778600D2FE43 /* SimpleShareExtensionDemo.app */;
			productType = "com.apple.product-type.application";
		};
		1E49E0861D12778600D2FE43 /* SimpleShareExtensionDemoUITests */ = {
			isa = PBXNativeTarget;
			buildConfigurationList = 1E49E0961D12778600D2FE43 /* Build configuration list for PBXNativeTarget "SimpleShareExtensionDemoUITests" */;
			buildPhases = (
				1E49E0831D12778600D2FE43 /* Sources */,
				1E49E0841D12778600D2FE43 /* Frameworks */,
				1E49E0851D12778600D2FE43 /* Resources */,
			);
			buildRules = (
			);
			dependencies = (
				1E49E0891D12778600D2FE43 /* PBXTargetDependency */,
			);
			name = SimpleShareExtensionDemoUITests;
			productName = SimpleShareExtensionDemoUITests;
			productReference = 1E49E0871D12778600D2FE43 /* SimpleShareExtensionDemoUITests.xctest */;
			productType = "com.apple.product-type.bundle.ui-testing";
		};
		1E49E0B01D127A8700D2FE43 /* ShareExtensionSample */ = {
			isa = PBXNativeTarget;
			buildConfigurationList = 1E49E0BD1D127A8700D2FE43 /* Build configuration list for PBXNativeTarget "ShareExtensionSample" */;
			buildPhases = (
				1E49E0AD1D127A8700D2FE43 /* Sources */,
				1E49E0AE1D127A8700D2FE43 /* Frameworks */,
				1E49E0AF1D127A8700D2FE43 /* Resources */,
			);
			buildRules = (
			);
			dependencies = (
			);
			name = ShareExtensionSample;
			productName = ShareExtensionSample;
			productReference = 1E49E0B11D127A8700D2FE43 /* ShareExtensionSample.appex */;
			productType = "com.apple.product-type.app-extension";
		};
/* End PBXNativeTarget section */

/* Begin PBXProject section */
		1E49E05B1D12778600D2FE43 /* Project object */ = {
			isa = PBXProject;
			attributes = {
				LastUpgradeCheck = 0730;
				ORGANIZATIONNAME = DIGICORP;
				TargetAttributes = {
					1E49E0621D12778600D2FE43 = {
						CreatedOnToolsVersion = 7.3.1;
						DevelopmentTeam = 56T8BECPLN;
						SystemCapabilities = {
							com.apple.ApplicationGroups.iOS = {
								enabled = 1;
							};
						};
					};
					1E49E0861D12778600D2FE43 = {
						CreatedOnToolsVersion = 7.3.1;
						TestTargetID = 1E49E0621D12778600D2FE43;
					};
					1E49E0B01D127A8700D2FE43 = {
						CreatedOnToolsVersion = 7.3.1;
						DevelopmentTeam = 56T8BECPLN;
						SystemCapabilities = {
							com.apple.ApplicationGroups.iOS = {
								enabled = 1;
							};
						};
					};
				};
			};
			buildConfigurationList = 1E49E05E1D12778600D2FE43 /* Build configuration list for PBXProject "SimpleShareExtensionDemo" */;
			compatibilityVersion = "Xcode 3.2";
			developmentRegion = English;
			hasScannedForEncodings = 0;
			knownRegions = (
				en,
				Base,
			);
			mainGroup = 1E49E05A1D12778600D2FE43;
			productRefGroup = 1E49E0641D12778600D2FE43 /* Products */;
			projectDirPath = "";
			projectRoot = "";
			targets = (
				1E49E0621D12778600D2FE43 /* SimpleShareExtensionDemo */,
				1E49E0861D12778600D2FE43 /* SimpleShareExtensionDemoUITests */,
				1E49E0B01D127A8700D2FE43 /* ShareExtensionSample */,
			);
		};
/* End PBXProject section */

/* Begin PBXResourcesBuildPhase section */
		1E49E0611D12778600D2FE43 /* Resources */ = {
			isa = PBXResourcesBuildPhase;
			buildActionMask = 2147483647;
			files = (
				1E49E0761D12778600D2FE43 /* LaunchScreen.storyboard in Resources */,
				1E49E0731D12778600D2FE43 /* Assets.xcassets in Resources */,
				1E49E0711D12778600D2FE43 /* Main.storyboard in Resources */,
			);
			runOnlyForDeploymentPostprocessing = 0;
		};
		1E49E0851D12778600D2FE43 /* Resources */ = {
			isa = PBXResourcesBuildPhase;
			buildActionMask = 2147483647;
			files = (
			);
			runOnlyForDeploymentPostprocessing = 0;
		};
		1E49E0AF1D127A8700D2FE43 /* Resources */ = {
			isa = PBXResourcesBuildPhase;
			buildActionMask = 2147483647;
			files = (
				1E49E0B81D127A8700D2FE43 /* MainInterface.storyboard in Resources */,
			);
			runOnlyForDeploymentPostprocessing = 0;
		};
/* End PBXResourcesBuildPhase section */

/* Begin PBXShellScriptBuildPhase section */
		2B54FE0F468833EE63442C99 /* 📦 Copy Pods Resources */ = {
			isa = PBXShellScriptBuildPhase;
			buildActionMask = 2147483647;
			files = (
			);
			inputPaths = (
			);
			name = "📦 Copy Pods Resources";
			outputPaths = (
			);
			runOnlyForDeploymentPostprocessing = 0;
			shellPath = /bin/sh;
			shellScript = "\"${SRCROOT}/Pods/Target Support Files/Pods-SimpleShareExtensionDemo/Pods-SimpleShareExtensionDemo-resources.sh\"\n";
			showEnvVarsInLog = 0;
		};
		6D73F879238C89DFF7D6A2EB /* 📦 Check Pods Manifest.lock */ = {
			isa = PBXShellScriptBuildPhase;
			buildActionMask = 2147483647;
			files = (
			);
			inputPaths = (
			);
			name = "📦 Check Pods Manifest.lock";
			outputPaths = (
			);
			runOnlyForDeploymentPostprocessing = 0;
			shellPath = /bin/sh;
			shellScript = "diff \"${PODS_ROOT}/../Podfile.lock\" \"${PODS_ROOT}/Manifest.lock\" > /dev/null\nif [[ $? != 0 ]] ; then\n    cat << EOM\nerror: The sandbox is not in sync with the Podfile.lock. Run 'pod install' or update your CocoaPods installation.\nEOM\n    exit 1\nfi\n";
			showEnvVarsInLog = 0;
		};
		82C753EA8C46FAF880D2632F /* 📦 Embed Pods Frameworks */ = {
			isa = PBXShellScriptBuildPhase;
			buildActionMask = 2147483647;
			files = (
			);
			inputPaths = (
			);
			name = "📦 Embed Pods Frameworks";
			outputPaths = (
			);
			runOnlyForDeploymentPostprocessing = 0;
			shellPath = /bin/sh;
			shellScript = "\"${SRCROOT}/Pods/Target Support Files/Pods-SimpleShareExtensionDemo/Pods-SimpleShareExtensionDemo-frameworks.sh\"\n";
			showEnvVarsInLog = 0;
		};
/* End PBXShellScriptBuildPhase section */

/* Begin PBXSourcesBuildPhase section */
		1E49E05F1D12778600D2FE43 /* Sources */ = {
			isa = PBXSourcesBuildPhase;
			buildActionMask = 2147483647;
			files = (
				1E49E06E1D12778600D2FE43 /* ViewController.m in Sources */,
				1E49E06B1D12778600D2FE43 /* AppDelegate.m in Sources */,
				1E49E0681D12778600D2FE43 /* main.m in Sources */,
			);
			runOnlyForDeploymentPostprocessing = 0;
		};
		1E49E0831D12778600D2FE43 /* Sources */ = {
			isa = PBXSourcesBuildPhase;
			buildActionMask = 2147483647;
			files = (
				1E49E08C1D12778600D2FE43 /* SimpleShareExtensionDemoUITests.m in Sources */,
			);
			runOnlyForDeploymentPostprocessing = 0;
		};
		1E49E0AD1D127A8700D2FE43 /* Sources */ = {
			isa = PBXSourcesBuildPhase;
			buildActionMask = 2147483647;
			files = (
				1E49E0B51D127A8700D2FE43 /* ShareViewController.m in Sources */,
				1E49E0C21D127BA200D2FE43 /* ItemViewController.m in Sources */,
			);
			runOnlyForDeploymentPostprocessing = 0;
		};
/* End PBXSourcesBuildPhase section */

/* Begin PBXTargetDependency section */
		1E49E0891D12778600D2FE43 /* PBXTargetDependency */ = {
			isa = PBXTargetDependency;
			target = 1E49E0621D12778600D2FE43 /* SimpleShareExtensionDemo */;
			targetProxy = 1E49E0881D12778600D2FE43 /* PBXContainerItemProxy */;
		};
		1E49E0BB1D127A8700D2FE43 /* PBXTargetDependency */ = {
			isa = PBXTargetDependency;
			target = 1E49E0B01D127A8700D2FE43 /* ShareExtensionSample */;
			targetProxy = 1E49E0BA1D127A8700D2FE43 /* PBXContainerItemProxy */;
		};
/* End PBXTargetDependency section */

/* Begin PBXVariantGroup section */
		1E49E06F1D12778600D2FE43 /* Main.storyboard */ = {
			isa = PBXVariantGroup;
			children = (
				1E49E0701D12778600D2FE43 /* Base */,
			);
			name = Main.storyboard;
			sourceTree = "<group>";
		};
		1E49E0741D12778600D2FE43 /* LaunchScreen.storyboard */ = {
			isa = PBXVariantGroup;
			children = (
				1E49E0751D12778600D2FE43 /* Base */,
			);
			name = LaunchScreen.storyboard;
			sourceTree = "<group>";
		};
		1E49E0B61D127A8700D2FE43 /* MainInterface.storyboard */ = {
			isa = PBXVariantGroup;
			children = (
				1E49E0B71D127A8700D2FE43 /* Base */,
			);
			name = MainInterface.storyboard;
			sourceTree = "<group>";
		};
/* End PBXVariantGroup section */

/* Begin XCBuildConfiguration section */
		1E49E08E1D12778600D2FE43 /* Debug */ = {
			isa = XCBuildConfiguration;
			buildSettings = {
				ALWAYS_SEARCH_USER_PATHS = NO;
				CLANG_ANALYZER_NONNULL = YES;
				CLANG_CXX_LANGUAGE_STANDARD = "gnu++0x";
				CLANG_CXX_LIBRARY = "libc++";
				CLANG_ENABLE_MODULES = YES;
				CLANG_ENABLE_OBJC_ARC = YES;
				CLANG_WARN_BOOL_CONVERSION = YES;
				CLANG_WARN_CONSTANT_CONVERSION = YES;
				CLANG_WARN_DIRECT_OBJC_ISA_USAGE = YES_ERROR;
				CLANG_WARN_EMPTY_BODY = YES;
				CLANG_WARN_ENUM_CONVERSION = YES;
				CLANG_WARN_INT_CONVERSION = YES;
				CLANG_WARN_OBJC_ROOT_CLASS = YES_ERROR;
				CLANG_WARN_UNREACHABLE_CODE = YES;
				CLANG_WARN__DUPLICATE_METHOD_MATCH = YES;
				"CODE_SIGN_IDENTITY[sdk=iphoneos*]" = "iPhone Developer";
				COPY_PHASE_STRIP = NO;
				DEBUG_INFORMATION_FORMAT = dwarf;
				ENABLE_STRICT_OBJC_MSGSEND = YES;
				ENABLE_TESTABILITY = YES;
				GCC_C_LANGUAGE_STANDARD = gnu99;
				GCC_DYNAMIC_NO_PIC = NO;
				GCC_NO_COMMON_BLOCKS = YES;
				GCC_OPTIMIZATION_LEVEL = 0;
				GCC_PREPROCESSOR_DEFINITIONS = (
					"DEBUG=1",
					"$(inherited)",
				);
				GCC_WARN_64_TO_32_BIT_CONVERSION = YES;
				GCC_WARN_ABOUT_RETURN_TYPE = YES_ERROR;
				GCC_WARN_UNDECLARED_SELECTOR = YES;
				GCC_WARN_UNINITIALIZED_AUTOS = YES_AGGRESSIVE;
				GCC_WARN_UNUSED_FUNCTION = YES;
				GCC_WARN_UNUSED_VARIABLE = YES;
				IPHONEOS_DEPLOYMENT_TARGET = 8.0;
				MTL_ENABLE_DEBUG_INFO = YES;
				ONLY_ACTIVE_ARCH = YES;
				SDKROOT = iphoneos;
				TARGETED_DEVICE_FAMILY = "1,2";
			};
			name = Debug;
		};
		1E49E08F1D12778600D2FE43 /* Release */ = {
			isa = XCBuildConfiguration;
			buildSettings = {
				ALWAYS_SEARCH_USER_PATHS = NO;
				CLANG_ANALYZER_NONNULL = YES;
				CLANG_CXX_LANGUAGE_STANDARD = "gnu++0x";
				CLANG_CXX_LIBRARY = "libc++";
				CLANG_ENABLE_MODULES = YES;
				CLANG_ENABLE_OBJC_ARC = YES;
				CLANG_WARN_BOOL_CONVERSION = YES;
				CLANG_WARN_CONSTANT_CONVERSION = YES;
				CLANG_WARN_DIRECT_OBJC_ISA_USAGE = YES_ERROR;
				CLANG_WARN_EMPTY_BODY = YES;
				CLANG_WARN_ENUM_CONVERSION = YES;
				CLANG_WARN_INT_CONVERSION = YES;
				CLANG_WARN_OBJC_ROOT_CLASS = YES_ERROR;
				CLANG_WARN_UNREACHABLE_CODE = YES;
				CLANG_WARN__DUPLICATE_METHOD_MATCH = YES;
				"CODE_SIGN_IDENTITY[sdk=iphoneos*]" = "iPhone Developer";
				COPY_PHASE_STRIP = NO;
				DEBUG_INFORMATION_FORMAT = "dwarf-with-dsym";
				ENABLE_NS_ASSERTIONS = NO;
				ENABLE_STRICT_OBJC_MSGSEND = YES;
				GCC_C_LANGUAGE_STANDARD = gnu99;
				GCC_NO_COMMON_BLOCKS = YES;
				GCC_WARN_64_TO_32_BIT_CONVERSION = YES;
				GCC_WARN_ABOUT_RETURN_TYPE = YES_ERROR;
				GCC_WARN_UNDECLARED_SELECTOR = YES;
				GCC_WARN_UNINITIALIZED_AUTOS = YES_AGGRESSIVE;
				GCC_WARN_UNUSED_FUNCTION = YES;
				GCC_WARN_UNUSED_VARIABLE = YES;
				IPHONEOS_DEPLOYMENT_TARGET = 8.0;
				MTL_ENABLE_DEBUG_INFO = NO;
				SDKROOT = iphoneos;
				TARGETED_DEVICE_FAMILY = "1,2";
				VALIDATE_PRODUCT = YES;
			};
			name = Release;
		};
		1E49E0911D12778600D2FE43 /* Debug */ = {
			isa = XCBuildConfiguration;
			baseConfigurationReference = E4C21AE5DB8C5AC00683B117 /* Pods-SimpleShareExtensionDemo.debug.xcconfig */;
			buildSettings = {
				ASSETCATALOG_COMPILER_APPICON_NAME = AppIcon;
				CODE_SIGN_ENTITLEMENTS = SimpleShareExtensionDemo/SimpleShareExtensionDemo.entitlements;
				CODE_SIGN_IDENTITY = "iPhone Developer";
				INFOPLIST_FILE = SimpleShareExtensionDemo/Info.plist;
				IPHONEOS_DEPLOYMENT_TARGET = 8.0;
				LD_RUNPATH_SEARCH_PATHS = "$(inherited) @executable_path/Frameworks";
				PRODUCT_BUNDLE_IDENTIFIER = com.digicorp.demopush;
				PRODUCT_NAME = "$(TARGET_NAME)";
			};
			name = Debug;
		};
		1E49E0921D12778600D2FE43 /* Release */ = {
			isa = XCBuildConfiguration;
			baseConfigurationReference = 1A002FED230E90D0D2B2F66A /* Pods-SimpleShareExtensionDemo.release.xcconfig */;
			buildSettings = {
				ASSETCATALOG_COMPILER_APPICON_NAME = AppIcon;
				CODE_SIGN_ENTITLEMENTS = SimpleShareExtensionDemo/SimpleShareExtensionDemo.entitlements;
				CODE_SIGN_IDENTITY = "iPhone Developer";
				INFOPLIST_FILE = SimpleShareExtensionDemo/Info.plist;
				IPHONEOS_DEPLOYMENT_TARGET = 8.0;
				LD_RUNPATH_SEARCH_PATHS = "$(inherited) @executable_path/Frameworks";
				PRODUCT_BUNDLE_IDENTIFIER = com.digicorp.demopush;
				PRODUCT_NAME = "$(TARGET_NAME)";
			};
			name = Release;
		};
		1E49E0971D12778600D2FE43 /* Debug */ = {
			isa = XCBuildConfiguration;
			buildSettings = {
				INFOPLIST_FILE = SimpleShareExtensionDemoUITests/Info.plist;
				LD_RUNPATH_SEARCH_PATHS = "$(inherited) @executable_path/Frameworks @loader_path/Frameworks";
				PRODUCT_BUNDLE_IDENTIFIER = com.digicorp.SimpleShareExtensionDemoUITests;
				PRODUCT_NAME = "$(TARGET_NAME)";
				TEST_TARGET_NAME = SimpleShareExtensionDemo;
			};
			name = Debug;
		};
		1E49E0981D12778600D2FE43 /* Release */ = {
			isa = XCBuildConfiguration;
			buildSettings = {
				INFOPLIST_FILE = SimpleShareExtensionDemoUITests/Info.plist;
				LD_RUNPATH_SEARCH_PATHS = "$(inherited) @executable_path/Frameworks @loader_path/Frameworks";
				PRODUCT_BUNDLE_IDENTIFIER = com.digicorp.SimpleShareExtensionDemoUITests;
				PRODUCT_NAME = "$(TARGET_NAME)";
				TEST_TARGET_NAME = SimpleShareExtensionDemo;
			};
			name = Release;
		};
		1E49E0BE1D127A8700D2FE43 /* Debug */ = {
			isa = XCBuildConfiguration;
			buildSettings = {
				CODE_SIGN_ENTITLEMENTS = ShareExtensionSample/ShareExtensionSample.entitlements;
				INFOPLIST_FILE = ShareExtensionSample/Info.plist;
				IPHONEOS_DEPLOYMENT_TARGET = 8.0;
				LD_RUNPATH_SEARCH_PATHS = "$(inherited) @executable_path/Frameworks @executable_path/../../Frameworks";
				PRODUCT_BUNDLE_IDENTIFIER = com.digicorp.demopush.share;
				PRODUCT_NAME = "$(TARGET_NAME)";
				SKIP_INSTALL = YES;
			};
			name = Debug;
		};
		1E49E0BF1D127A8700D2FE43 /* Release */ = {
			isa = XCBuildConfiguration;
			buildSettings = {
				CODE_SIGN_ENTITLEMENTS = ShareExtensionSample/ShareExtensionSample.entitlements;
				INFOPLIST_FILE = ShareExtensionSample/Info.plist;
				IPHONEOS_DEPLOYMENT_TARGET = 8.0;
				LD_RUNPATH_SEARCH_PATHS = "$(inherited) @executable_path/Frameworks @executable_path/../../Frameworks";
				PRODUCT_BUNDLE_IDENTIFIER = com.digicorp.demopush.share;
				PRODUCT_NAME = "$(TARGET_NAME)";
				SKIP_INSTALL = YES;
			};
			name = Release;
		};
/* End XCBuildConfiguration section */

/* Begin XCConfigurationList section */
		1E49E05E1D12778600D2FE43 /* Build configuration list for PBXProject "SimpleShareExtensionDemo" */ = {
			isa = XCConfigurationList;
			buildConfigurations = (
				1E49E08E1D12778600D2FE43 /* Debug */,
				1E49E08F1D12778600D2FE43 /* Release */,
			);
			defaultConfigurationIsVisible = 0;
			defaultConfigurationName = Release;
		};
		1E49E0901D12778600D2FE43 /* Build configuration list for PBXNativeTarget "SimpleShareExtensionDemo" */ = {
			isa = XCConfigurationList;
			buildConfigurations = (
				1E49E0911D12778600D2FE43 /* Debug */,
				1E49E0921D12778600D2FE43 /* Release */,
			);
			defaultConfigurationIsVisible = 0;
			defaultConfigurationName = Release;
		};
		1E49E0961D12778600D2FE43 /* Build configuration list for PBXNativeTarget "SimpleShareExtensionDemoUITests" */ = {
			isa = XCConfigurationList;
			buildConfigurations = (
				1E49E0971D12778600D2FE43 /* Debug */,
				1E49E0981D12778600D2FE43 /* Release */,
			);
			defaultConfigurationIsVisible = 0;
			defaultConfigurationName = Release;
		};
		1E49E0BD1D127A8700D2FE43 /* Build configuration list for PBXNativeTarget "ShareExtensionSample" */ = {
			isa = XCConfigurationList;
			buildConfigurations = (
				1E49E0BE1D127A8700D2FE43 /* Debug */,
				1E49E0BF1D127A8700D2FE43 /* Release */,
			);
			defaultConfigurationIsVisible = 0;
			defaultConfigurationName = Release;
		};
/* End XCConfigurationList section */
	};
	rootObject = 1E49E05B1D12778600D2FE43 /* Project object */;
}
